
Microsoft Visual Studio Solution File, Format Version 12.00
# Visual Studio 2013
VisualStudioVersion = 12.0.31101.0
MinimumVisualStudioVersion = 10.0.40219.1
Project("{FAE04EC0-301F-11D3-BF4B-00C04F79EFBC}") = "GyCPersonal.Entidades", "GyCPersonal.Entidades\GyCPersonal.Entidades.csproj", "{F87C3874-AD1B-4C6C-9618-98EB0020B757}"
EndProject
Project("{2150E333-8FDC-42A3-9474-1A3956D46DE8}") = "Negocio", "Negocio", "{E8B92532-5856-4638-A84B-1E7B7E06AD23}"
EndProject
Project("{2150E333-8FDC-42A3-9474-1A3956D46DE8}") = "Datos", "Datos", "{A994DD0F-F8FF-476A-8744-59390694BCB3}"
EndProject
Project("{2150E333-8FDC-42A3-9474-1A3956D46DE8}") = "Servicios", "Servicios", "{8A325596-1333-487D-9B99-FDDCD5F1F445}"
EndProject
Project("{FAE04EC0-301F-11D3-BF4B-00C04F79EFBC}") = "GyCPersonal.EFContext", "GyCPersonal.EFContext\GyCPersonal.EFContext.csproj", "{1567862A-5172-4DA1-A411-1F16946A3619}"
	ProjectSection(ProjectDependencies) = postProject
		{F87C3874-AD1B-4C6C-9618-98EB0020B757} = {F87C3874-AD1B-4C6C-9618-98EB0020B757}
	EndProjectSection
EndProject
Project("{FAE04EC0-301F-11D3-BF4B-00C04F79EFBC}") = "GyCPersonal.Repositorios", "GyCPersonal.Repositorios\GyCPersonal.Repositorios.csproj", "{394DC0F1-D593-46C7-A2ED-7229449A7E85}"
EndProject
Project("{FAE04EC0-301F-11D3-BF4B-00C04F79EFBC}") = "WebApi", "WebApi\WebApi.csproj", "{21446861-9AF5-4518-80B8-F07559B09665}"
EndProject
Project("{FAE04EC0-301F-11D3-BF4B-00C04F79EFBC}") = "WebApi.Tests", "WebApi.Tests\WebApi.Tests.csproj", "{1FE5A517-AA0F-493F-992C-61571EE94C6D}"
EndProject
Project("{2150E333-8FDC-42A3-9474-1A3956D46DE8}") = "Presentacion", "Presentacion", "{CD1B21BA-2B05-4700-BB51-EC35F61A84A1}"
EndProject
Project("{FAE04EC0-301F-11D3-BF4B-00C04F79EFBC}") = "GyCPersonal.Consola", "GyCPersonal.Consola\GyCPersonal.Consola.csproj", "{666C86B0-CD83-4F2B-8BB5-F373475CA077}"
EndProject
Project("{FAE04EC0-301F-11D3-BF4B-00C04F79EFBC}") = "GyCPersonal.Web", "GyCPersonal.Web\GyCPersonal.Web.csproj", "{0DC230E0-9D14-467B-8548-1976B06725AD}"
EndProject
Project("{2150E333-8FDC-42A3-9474-1A3956D46DE8}") = ".nuget", ".nuget", "{71CA3A3B-0E13-458B-B252-1403DA22A210}"
	ProjectSection(SolutionItems) = preProject
		.nuget\NuGet.Config = .nuget\NuGet.Config
		.nuget\NuGet.exe = .nuget\NuGet.exe
		.nuget\NuGet.targets = .nuget\NuGet.targets
	EndProjectSection
EndProject
Global
	GlobalSection(SolutionConfigurationPlatforms) = preSolution
		Debug|Any CPU = Debug|Any CPU
		Release|Any CPU = Release|Any CPU
	EndGlobalSection
	GlobalSection(ProjectConfigurationPlatforms) = postSolution
		{F87C3874-AD1B-4C6C-9618-98EB0020B757}.Debug|Any CPU.ActiveCfg = Debug|Any CPU
		{F87C3874-AD1B-4C6C-9618-98EB0020B757}.Debug|Any CPU.Build.0 = Debug|Any CPU
		{F87C3874-AD1B-4C6C-9618-98EB0020B757}.Release|Any CPU.ActiveCfg = Release|Any CPU
		{F87C3874-AD1B-4C6C-9618-98EB0020B757}.Release|Any CPU.Build.0 = Release|Any CPU
		{1567862A-5172-4DA1-A411-1F16946A3619}.Debug|Any CPU.ActiveCfg = Debug|Any CPU
		{1567862A-5172-4DA1-A411-1F16946A3619}.Debug|Any CPU.Build.0 = Debug|Any CPU
		{1567862A-5172-4DA1-A411-1F16946A3619}.Release|Any CPU.ActiveCfg = Release|Any CPU
		{1567862A-5172-4DA1-A411-1F16946A3619}.Release|Any CPU.Build.0 = Release|Any CPU
		{394DC0F1-D593-46C7-A2ED-7229449A7E85}.Debug|Any CPU.ActiveCfg = Debug|Any CPU
		{394DC0F1-D593-46C7-A2ED-7229449A7E85}.Debug|Any CPU.Build.0 = Debug|Any CPU
		{394DC0F1-D593-46C7-A2ED-7229449A7E85}.Release|Any CPU.ActiveCfg = Release|Any CPU
		{394DC0F1-D593-46C7-A2ED-7229449A7E85}.Release|Any CPU.Build.0 = Release|Any CPU
		{21446861-9AF5-4518-80B8-F07559B09665}.Debug|Any CPU.ActiveCfg = Debug|Any CPU
		{21446861-9AF5-4518-80B8-F07559B09665}.Debug|Any CPU.Build.0 = Debug|Any CPU
		{21446861-9AF5-4518-80B8-F07559B09665}.Release|Any CPU.ActiveCfg = Release|Any CPU
		{21446861-9AF5-4518-80B8-F07559B09665}.Release|Any CPU.Build.0 = Release|Any CPU
		{1FE5A517-AA0F-493F-992C-61571EE94C6D}.Debug|Any CPU.ActiveCfg = Debug|Any CPU
		{1FE5A517-AA0F-493F-992C-61571EE94C6D}.Debug|Any CPU.Build.0 = Debug|Any CPU
		{1FE5A517-AA0F-493F-992C-61571EE94C6D}.Release|Any CPU.ActiveCfg = Release|Any CPU
		{1FE5A517-AA0F-493F-992C-61571EE94C6D}.Release|Any CPU.Build.0 = Release|Any CPU
		{666C86B0-CD83-4F2B-8BB5-F373475CA077}.Debug|Any CPU.ActiveCfg = Debug|Any CPU
		{666C86B0-CD83-4F2B-8BB5-F373475CA077}.Debug|Any CPU.Build.0 = Debug|Any CPU
		{666C86B0-CD83-4F2B-8BB5-F373475CA077}.Release|Any CPU.ActiveCfg = Release|Any CPU
		{666C86B0-CD83-4F2B-8BB5-F373475CA077}.Release|Any CPU.Build.0 = Release|Any CPU
		{0DC230E0-9D14-467B-8548-1976B06725AD}.Debug|Any CPU.ActiveCfg = Debug|Any CPU
		{0DC230E0-9D14-467B-8548-1976B06725AD}.Debug|Any CPU.Build.0 = Debug|Any CPU
		{0DC230E0-9D14-467B-8548-1976B06725AD}.Release|Any CPU.ActiveCfg = Release|Any CPU
		{0DC230E0-9D14-467B-8548-1976B06725AD}.Release|Any CPU.Build.0 = Release|Any CPU
	EndGlobalSection
	GlobalSection(SolutionProperties) = preSolution
		HideSolutionNode = FALSE
	EndGlobalSection
	GlobalSection(NestedProjects) = preSolution
		{F87C3874-AD1B-4C6C-9618-98EB0020B757} = {E8B92532-5856-4638-A84B-1E7B7E06AD23}
		{1567862A-5172-4DA1-A411-1F16946A3619} = {A994DD0F-F8FF-476A-8744-59390694BCB3}
		{394DC0F1-D593-46C7-A2ED-7229449A7E85} = {A994DD0F-F8FF-476A-8744-59390694BCB3}
		{21446861-9AF5-4518-80B8-F07559B09665} = {8A325596-1333-487D-9B99-FDDCD5F1F445}
		{1FE5A517-AA0F-493F-992C-61571EE94C6D} = {8A325596-1333-487D-9B99-FDDCD5F1F445}
		{666C86B0-CD83-4F2B-8BB5-F373475CA077} = {CD1B21BA-2B05-4700-BB51-EC35F61A84A1}
		{0DC230E0-9D14-467B-8548-1976B06725AD} = {CD1B21BA-2B05-4700-BB51-EC35F61A84A1}
	EndGlobalSection
EndGlobal
